# generated by rye
# use `rye lock` or `rye sync` to update this lockfile
#
# last locked with the following flags:
#   pre: false
#   features: []
#   all-features: false
#   with-sources: false

-e file:.
beautifulsoup4==4.12.3
    # via mdict-query
install==1.3.5
    # via mdict-query
pip==24.0
    # via mdict-query
soupsieve==2.5
    # via beautifulsoup4
xxhash==3.4.1
    # via mdict-query
